{
  "requires": true,
  "lockfileVersion": 1,
  "dependencies": {
    "jquery": {
      "version": "2.2.4",
      "resolved": "http://registry.npm.taobao.org/jquery/download/jquery-2.2.4.tgz",
      "integrity": "sha1-LInWiJterFIqfuoywUUhVZxsvwI="
    },
    "vue-wangeditor": {
      "version": "1.3.10",
      "resolved": "http://registry.npm.taobao.org/vue-wangeditor/download/vue-wangeditor-1.3.10.tgz",
      "integrity": "sha1-z10YyliLFgqAmPnq3+R03Z6Ydms=",
      "requires": {
        "wangeditor": "^2.1.23"
      }
    },
    "wangeditor": {
      "version": "2.1.23",
      "resolved": "http://registry.npm.taobao.org/wangeditor/download/wangeditor-2.1.23.tgz",
      "integrity": "sha1-WbptIkyyFuvJ1AzpJzJpDZmH+3o=",
      "requires": {
        "jquery": "^2.2.3"
      }
    }
  }
}
